
Microsoft Visual Studio Solution File, Format Version 12.00
# Visual Studio Version 16
VisualStudioVersion = 16.0.31702.278
MinimumVisualStudioVersion = 10.0.40219.1
Project("{FAE04EC0-301F-11D3-BF4B-00C04F79EFBC}") = "Calculator", "Calculator\Calculator.csproj", "{B603100B-6056-4668-B651-F18A6B6CF4F9}"
EndProject
Global
	GlobalSection(SolutionConfigurationPlatforms) = preSolution
		Debug|Any CPU = Debug|Any CPU
		Release|Any CPU = Release|Any CPU
	EndGlobalSection
	GlobalSection(ProjectConfigurationPlatforms) = postSolution
		{B603100B-6056-4668-B651-F18A6B6CF4F9}.Debug|Any CPU.ActiveCfg = Debug|Any CPU
		{B603100B-6056-4668-B651-F18A6B6CF4F9}.Debug|Any CPU.Build.0 = Debug|Any CPU
		{B603100B-6056-4668-B651-F18A6B6CF4F9}.Release|Any CPU.ActiveCfg = Release|Any CPU
		{B603100B-6056-4668-B651-F18A6B6CF4F9}.Release|Any CPU.Build.0 = Release|Any CPU
	EndGlobalSection
	GlobalSection(SolutionProperties) = preSolution
		HideSolutionNode = FALSE
	EndGlobalSection
	GlobalSection(ExtensibilityGlobals) = postSolution
		SolutionGuid = {8F0BC93B-ECE0-4BF0-AC27-97F53F4703D0}
	EndGlobalSection
EndGlobal
